// !$*UTF8*$!
{
	archiveVersion = 1;
	classes = {
	};
	objectVersion = 46;
	objects = {

/* Begin PBXBuildFile section */
		159CB4921E99417600954215 /* AppDelegate.swift in Sources */ = {isa = PBXBuildFile; fileRef = 159CB4911E99417600954215 /* AppDelegate.swift */; };
		159CB4941E99417600954215 /* MainVC.swift in Sources */ = {isa = PBXBuildFile; fileRef = 159CB4931E99417600954215 /* MainVC.swift */; };
		159CB4971E99417600954215 /* Main.storyboard in Resources */ = {isa = PBXBuildFile; fileRef = 159CB4951E99417600954215 /* Main.storyboard */; };
		159CB49A1E99417600954215 /* DreamLister.xcdatamodeld in Sources */ = {isa = PBXBuildFile; fileRef = 159CB4981E99417600954215 /* DreamLister.xcdatamodeld */; };
		159CB49C1E99417600954215 /* Assets.xcassets in Resources */ = {isa = PBXBuildFile; fileRef = 159CB49B1E99417600954215 /* Assets.xcassets */; };
		159CB49F1E99417600954215 /* LaunchScreen.storyboard in Resources */ = {isa = PBXBuildFile; fileRef = 159CB49D1E99417600954215 /* LaunchScreen.storyboard */; };
		159CB4AE1E995A6400954215 /* ItemType+CoreDataClass.swift in Sources */ = {isa = PBXBuildFile; fileRef = 159CB4A61E995A6400954215 /* ItemType+CoreDataClass.swift */; };
		159CB4AF1E995A6400954215 /* ItemType+CoreDataProperties.swift in Sources */ = {isa = PBXBuildFile; fileRef = 159CB4A71E995A6400954215 /* ItemType+CoreDataProperties.swift */; };
		159CB4B01E995A6400954215 /* Item+CoreDataClass.swift in Sources */ = {isa = PBXBuildFile; fileRef = 159CB4A81E995A6400954215 /* Item+CoreDataClass.swift */; };
		159CB4B11E995A6400954215 /* Item+CoreDataProperties.swift in Sources */ = {isa = PBXBuildFile; fileRef = 159CB4A91E995A6400954215 /* Item+CoreDataProperties.swift */; };
		159CB4B21E995A6400954215 /* Store+CoreDataClass.swift in Sources */ = {isa = PBXBuildFile; fileRef = 159CB4AA1E995A6400954215 /* Store+CoreDataClass.swift */; };
		159CB4B31E995A6400954215 /* Store+CoreDataProperties.swift in Sources */ = {isa = PBXBuildFile; fileRef = 159CB4AB1E995A6400954215 /* Store+CoreDataProperties.swift */; };
		159CB4B41E995A6400954215 /* Image+CoreDataClass.swift in Sources */ = {isa = PBXBuildFile; fileRef = 159CB4AC1E995A6400954215 /* Image+CoreDataClass.swift */; };
		159CB4B51E995A6400954215 /* Image+CoreDataProperties.swift in Sources */ = {isa = PBXBuildFile; fileRef = 159CB4AD1E995A6400954215 /* Image+CoreDataProperties.swift */; };
		159CB4B91E99648400954215 /* tesla.jpg in Resources */ = {isa = PBXBuildFile; fileRef = 159CB4B81E99648400954215 /* tesla.jpg */; };
		159CB4BC1E9968AD00954215 /* MaterialView.swift in Sources */ = {isa = PBXBuildFile; fileRef = 159CB4BB1E9968AD00954215 /* MaterialView.swift */; };
		159CB4BE1E996D6800954215 /* Cell.swift in Sources */ = {isa = PBXBuildFile; fileRef = 159CB4BD1E996D6800954215 /* Cell.swift */; };
/* End PBXBuildFile section */

/* Begin PBXFileReference section */
		159CB48E1E99417600954215 /* DreamLister.app */ = {isa = PBXFileReference; explicitFileType = wrapper.application; includeInIndex = 0; path = DreamLister.app; sourceTree = BUILT_PRODUCTS_DIR; };
		159CB4911E99417600954215 /* AppDelegate.swift */ = {isa = PBXFileReference; lastKnownFileType = sourcecode.swift; path = AppDelegate.swift; sourceTree = "<group>"; };
		159CB4931E99417600954215 /* MainVC.swift */ = {isa = PBXFileReference; lastKnownFileType = sourcecode.swift; path = MainVC.swift; sourceTree = "<group>"; };
		159CB4961E99417600954215 /* Base */ = {isa = PBXFileReference; lastKnownFileType = file.storyboard; name = Base; path = Base.lproj/Main.storyboard; sourceTree = "<group>"; };
		159CB4991E99417600954215 /* DreamLister.xcdatamodel */ = {isa = PBXFileReference; lastKnownFileType = wrapper.xcdatamodel; path = DreamLister.xcdatamodel; sourceTree = "<group>"; };
		159CB49B1E99417600954215 /* Assets.xcassets */ = {isa = PBXFileReference; lastKnownFileType = folder.assetcatalog; path = Assets.xcassets; sourceTree = "<group>"; };
		159CB49E1E99417600954215 /* Base */ = {isa = PBXFileReference; lastKnownFileType = file.storyboard; name = Base; path = Base.lproj/LaunchScreen.storyboard; sourceTree = "<group>"; };
		159CB4A01E99417600954215 /* Info.plist */ = {isa = PBXFileReference; lastKnownFileType = text.plist.xml; path = Info.plist; sourceTree = "<group>"; };
		159CB4A61E995A6400954215 /* ItemType+CoreDataClass.swift */ = {isa = PBXFileReference; fileEncoding = 4; lastKnownFileType = sourcecode.swift; path = "ItemType+CoreDataClass.swift"; sourceTree = "<group>"; };
		159CB4A71E995A6400954215 /* ItemType+CoreDataProperties.swift */ = {isa = PBXFileReference; fileEncoding = 4; lastKnownFileType = sourcecode.swift; path = "ItemType+CoreDataProperties.swift"; sourceTree = "<group>"; };
		159CB4A81E995A6400954215 /* Item+CoreDataClass.swift */ = {isa = PBXFileReference; fileEncoding = 4; lastKnownFileType = sourcecode.swift; path = "Item+CoreDataClass.swift"; sourceTree = "<group>"; };
		159CB4A91E995A6400954215 /* Item+CoreDataProperties.swift */ = {isa = PBXFileReference; fileEncoding = 4; lastKnownFileType = sourcecode.swift; path = "Item+CoreDataProperties.swift"; sourceTree = "<group>"; };
		159CB4AA1E995A6400954215 /* Store+CoreDataClass.swift */ = {isa = PBXFileReference; fileEncoding = 4; lastKnownFileType = sourcecode.swift; path = "Store+CoreDataClass.swift"; sourceTree = "<group>"; };
		159CB4AB1E995A6400954215 /* Store+CoreDataProperties.swift */ = {isa = PBXFileReference; fileEncoding = 4; lastKnownFileType = sourcecode.swift; path = "Store+CoreDataProperties.swift"; sourceTree = "<group>"; };
		159CB4AC1E995A6400954215 /* Image+CoreDataClass.swift */ = {isa = PBXFileReference; fileEncoding = 4; lastKnownFileType = sourcecode.swift; path = "Image+CoreDataClass.swift"; sourceTree = "<group>"; };
		159CB4AD1E995A6400954215 /* Image+CoreDataProperties.swift */ = {isa = PBXFileReference; fileEncoding = 4; lastKnownFileType = sourcecode.swift; path = "Image+CoreDataProperties.swift"; sourceTree = "<group>"; };
		159CB4B81E99648400954215 /* tesla.jpg */ = {isa = PBXFileReference; lastKnownFileType = image.jpeg; path = tesla.jpg; sourceTree = "<group>"; };
		159CB4BB1E9968AD00954215 /* MaterialView.swift */ = {isa = PBXFileReference; fileEncoding = 4; lastKnownFileType = sourcecode.swift; path = MaterialView.swift; sourceTree = "<group>"; };
		159CB4BD1E996D6800954215 /* Cell.swift */ = {isa = PBXFileReference; fileEncoding = 4; lastKnownFileType = sourcecode.swift; path = Cell.swift; sourceTree = "<group>"; };
/* End PBXFileReference section */

/* Begin PBXFrameworksBuildPhase section */
		159CB48B1E99417600954215 /* Frameworks */ = {
			isa = PBXFrameworksBuildPhase;
			buildActionMask = 2147483647;
			files = (
			);
			runOnlyForDeploymentPostprocessing = 0;
		};
/* End PBXFrameworksBuildPhase section */

/* Begin PBXGroup section */
		159CB4851E99417600954215 = {
			isa = PBXGroup;
			children = (
				159CB4901E99417600954215 /* DreamLister */,
				159CB48F1E99417600954215 /* Products */,
			);
			sourceTree = "<group>";
		};
		159CB48F1E99417600954215 /* Products */ = {
			isa = PBXGroup;
			children = (
				159CB48E1E99417600954215 /* DreamLister.app */,
			);
			name = Products;
			sourceTree = "<group>";
		};
		159CB4901E99417600954215 /* DreamLister */ = {
			isa = PBXGroup;
			children = (
				159CB4BA1E99688500954215 /* View */,
				159CB4B61E995A8700954215 /* Model */,
				159CB4911E99417600954215 /* AppDelegate.swift */,
				159CB4931E99417600954215 /* MainVC.swift */,
				159CB4951E99417600954215 /* Main.storyboard */,
				159CB49B1E99417600954215 /* Assets.xcassets */,
				159CB4B81E99648400954215 /* tesla.jpg */,
				159CB49D1E99417600954215 /* LaunchScreen.storyboard */,
				159CB4A01E99417600954215 /* Info.plist */,
				159CB4981E99417600954215 /* DreamLister.xcdatamodeld */,
			);
			path = DreamLister;
			sourceTree = "<group>";
		};
		159CB4B61E995A8700954215 /* Model */ = {
			isa = PBXGroup;
			children = (
				159CB4A61E995A6400954215 /* ItemType+CoreDataClass.swift */,
				159CB4A81E995A6400954215 /* Item+CoreDataClass.swift */,
				159CB4AA1E995A6400954215 /* Store+CoreDataClass.swift */,
				159CB4AC1E995A6400954215 /* Image+CoreDataClass.swift */,
				159CB4B71E995A8D00954215 /* Generated */,
			);
			name = Model;
			sourceTree = "<group>";
		};
		159CB4B71E995A8D00954215 /* Generated */ = {
			isa = PBXGroup;
			children = (
				159CB4A71E995A6400954215 /* ItemType+CoreDataProperties.swift */,
				159CB4A91E995A6400954215 /* Item+CoreDataProperties.swift */,
				159CB4AB1E995A6400954215 /* Store+CoreDataProperties.swift */,
				159CB4AD1E995A6400954215 /* Image+CoreDataProperties.swift */,
			);
			name = Generated;
			sourceTree = "<group>";
		};
		159CB4BA1E99688500954215 /* View */ = {
			isa = PBXGroup;
			children = (
				159CB4BB1E9968AD00954215 /* MaterialView.swift */,
				159CB4BD1E996D6800954215 /* Cell.swift */,
			);
			name = View;
			sourceTree = "<group>";
		};
/* End PBXGroup section */

/* Begin PBXNativeTarget section */
		159CB48D1E99417600954215 /* DreamLister */ = {
			isa = PBXNativeTarget;
			buildConfigurationList = 159CB4A31E99417600954215 /* Build configuration list for PBXNativeTarget "DreamLister" */;
			buildPhases = (
				159CB48A1E99417600954215 /* Sources */,
				159CB48B1E99417600954215 /* Frameworks */,
				159CB48C1E99417600954215 /* Resources */,
			);
			buildRules = (
			);
			dependencies = (
			);
			name = DreamLister;
			productName = DreamLister;
			productReference = 159CB48E1E99417600954215 /* DreamLister.app */;
			productType = "com.apple.product-type.application";
		};
/* End PBXNativeTarget section */

/* Begin PBXProject section */
		159CB4861E99417600954215 /* Project object */ = {
			isa = PBXProject;
			attributes = {
				LastSwiftUpdateCheck = 0830;
				LastUpgradeCheck = 0830;
				ORGANIZATIONNAME = Lazar;
				TargetAttributes = {
					159CB48D1E99417600954215 = {
						CreatedOnToolsVersion = 8.3;
						DevelopmentTeam = 6SG44G76PT;
						ProvisioningStyle = Automatic;
					};
				};
			};
			buildConfigurationList = 159CB4891E99417600954215 /* Build configuration list for PBXProject "DreamLister" */;
			compatibilityVersion = "Xcode 3.2";
			developmentRegion = English;
			hasScannedForEncodings = 0;
			knownRegions = (
				en,
				Base,
			);
			mainGroup = 159CB4851E99417600954215;
			productRefGroup = 159CB48F1E99417600954215 /* Products */;
			projectDirPath = "";
			projectRoot = "";
			targets = (
				159CB48D1E99417600954215 /* DreamLister */,
			);
		};
/* End PBXProject section */

/* Begin PBXResourcesBuildPhase section */
		159CB48C1E99417600954215 /* Resources */ = {
			isa = PBXResourcesBuildPhase;
			buildActionMask = 2147483647;
			files = (
				159CB49F1E99417600954215 /* LaunchScreen.storyboard in Resources */,
				159CB4B91E99648400954215 /* tesla.jpg in Resources */,
				159CB49C1E99417600954215 /* Assets.xcassets in Resources */,
				159CB4971E99417600954215 /* Main.storyboard in Resources */,
			);
			runOnlyForDeploymentPostprocessing = 0;
		};
/* End PBXResourcesBuildPhase section */

/* Begin PBXSourcesBuildPhase section */
		159CB48A1E99417600954215 /* Sources */ = {
			isa = PBXSourcesBuildPhase;
			buildActionMask = 2147483647;
			files = (
				159CB4B11E995A6400954215 /* Item+CoreDataProperties.swift in Sources */,
				159CB4B01E995A6400954215 /* Item+CoreDataClass.swift in Sources */,
				159CB4AE1E995A6400954215 /* ItemType+CoreDataClass.swift in Sources */,
				159CB4BC1E9968AD00954215 /* MaterialView.swift in Sources */,
				159CB4AF1E995A6400954215 /* ItemType+CoreDataProperties.swift in Sources */,
				159CB4BE1E996D6800954215 /* Cell.swift in Sources */,
				159CB4B31E995A6400954215 /* Store+CoreDataProperties.swift in Sources */,
				159CB4941E99417600954215 /* MainVC.swift in Sources */,
				159CB4B21E995A6400954215 /* Store+CoreDataClass.swift in Sources */,
				159CB4921E99417600954215 /* AppDelegate.swift in Sources */,
				159CB49A1E99417600954215 /* DreamLister.xcdatamodeld in Sources */,
				159CB4B41E995A6400954215 /* Image+CoreDataClass.swift in Sources */,
				159CB4B51E995A6400954215 /* Image+CoreDataProperties.swift in Sources */,
			);
			runOnlyForDeploymentPostprocessing = 0;
		};
/* End PBXSourcesBuildPhase section */

/* Begin PBXVariantGroup section */
		159CB4951E99417600954215 /* Main.storyboard */ = {
			isa = PBXVariantGroup;
			children = (
				159CB4961E99417600954215 /* Base */,
			);
			name = Main.storyboard;
			sourceTree = "<group>";
		};
		159CB49D1E99417600954215 /* LaunchScreen.storyboard */ = {
			isa = PBXVariantGroup;
			children = (
				159CB49E1E99417600954215 /* Base */,
			);
			name = LaunchScreen.storyboard;
			sourceTree = "<group>";
		};
/* End PBXVariantGroup section */

/* Begin XCBuildConfiguration section */
		159CB4A11E99417600954215 /* Debug */ = {
			isa = XCBuildConfiguration;
			buildSettings = {
				ALWAYS_SEARCH_USER_PATHS = NO;
				CLANG_ANALYZER_NONNULL = YES;
				CLANG_ANALYZER_NUMBER_OBJECT_CONVERSION = YES_AGGRESSIVE;
				CLANG_CXX_LANGUAGE_STANDARD = "gnu++0x";
				CLANG_CXX_LIBRARY = "libc++";
				CLANG_ENABLE_MODULES = YES;
				CLANG_ENABLE_OBJC_ARC = YES;
				CLANG_WARN_BOOL_CONVERSION = YES;
				CLANG_WARN_CONSTANT_CONVERSION = YES;
				CLANG_WARN_DIRECT_OBJC_ISA_USAGE = YES_ERROR;
				CLANG_WARN_DOCUMENTATION_COMMENTS = YES;
				CLANG_WARN_EMPTY_BODY = YES;
				CLANG_WARN_ENUM_CONVERSION = YES;
				CLANG_WARN_INFINITE_RECURSION = YES;
				CLANG_WARN_INT_CONVERSION = YES;
				CLANG_WARN_OBJC_ROOT_CLASS = YES_ERROR;
				CLANG_WARN_SUSPICIOUS_MOVE = YES;
				CLANG_WARN_UNREACHABLE_CODE = YES;
				CLANG_WARN__DUPLICATE_METHOD_MATCH = YES;
				"CODE_SIGN_IDENTITY[sdk=iphoneos*]" = "iPhone Developer";
				COPY_PHASE_STRIP = NO;
				DEBUG_INFORMATION_FORMAT = dwarf;
				ENABLE_STRICT_OBJC_MSGSEND = YES;
				ENABLE_TESTABILITY = YES;
				GCC_C_LANGUAGE_STANDARD = gnu99;
				GCC_DYNAMIC_NO_PIC = NO;
				GCC_NO_COMMON_BLOCKS = YES;
				GCC_OPTIMIZATION_LEVEL = 0;
				GCC_PREPROCESSOR_DEFINITIONS = (
					"DEBUG=1",
					"$(inherited)",
				);
				GCC_WARN_64_TO_32_BIT_CONVERSION = YES;
				GCC_WARN_ABOUT_RETURN_TYPE = YES_ERROR;
				GCC_WARN_UNDECLARED_SELECTOR = YES;
				GCC_WARN_UNINITIALIZED_AUTOS = YES_AGGRESSIVE;
				GCC_WARN_UNUSED_FUNCTION = YES;
				GCC_WARN_UNUSED_VARIABLE = YES;
				IPHONEOS_DEPLOYMENT_TARGET = 10.3;
				MTL_ENABLE_DEBUG_INFO = YES;
				ONLY_ACTIVE_ARCH = YES;
				SDKROOT = iphoneos;
				SWIFT_ACTIVE_COMPILATION_CONDITIONS = DEBUG;
				SWIFT_OPTIMIZATION_LEVEL = "-Onone";
			};
			name = Debug;
		};
		159CB4A21E99417600954215 /* Release */ = {
			isa = XCBuildConfiguration;
			buildSettings = {
				ALWAYS_SEARCH_USER_PATHS = NO;
				CLANG_ANALYZER_NONNULL = YES;
				CLANG_ANALYZER_NUMBER_OBJECT_CONVERSION = YES_AGGRESSIVE;
				CLANG_CXX_LANGUAGE_STANDARD = "gnu++0x";
				CLANG_CXX_LIBRARY = "libc++";
				CLANG_ENABLE_MODULES = YES;
				CLANG_ENABLE_OBJC_ARC = YES;
				CLANG_WARN_BOOL_CONVERSION = YES;
				CLANG_WARN_CONSTANT_CONVERSION = YES;
				CLANG_WARN_DIRECT_OBJC_ISA_USAGE = YES_ERROR;
				CLANG_WARN_DOCUMENTATION_COMMENTS = YES;
				CLANG_WARN_EMPTY_BODY = YES;
				CLANG_WARN_ENUM_CONVERSION = YES;
				CLANG_WARN_INFINITE_RECURSION = YES;
				CLANG_WARN_INT_CONVERSION = YES;
				CLANG_WARN_OBJC_ROOT_CLASS = YES_ERROR;
				CLANG_WARN_SUSPICIOUS_MOVE = YES;
				CLANG_WARN_UNREACHABLE_CODE = YES;
				CLANG_WARN__DUPLICATE_METHOD_MATCH = YES;
				"CODE_SIGN_IDENTITY[sdk=iphoneos*]" = "iPhone Developer";
				COPY_PHASE_STRIP = NO;
				DEBUG_INFORMATION_FORMAT = "dwarf-with-dsym";
				ENABLE_NS_ASSERTIONS = NO;
				ENABLE_STRICT_OBJC_MSGSEND = YES;
				GCC_C_LANGUAGE_STANDARD = gnu99;
				GCC_NO_COMMON_BLOCKS = YES;
				GCC_WARN_64_TO_32_BIT_CONVERSION = YES;
				GCC_WARN_ABOUT_RETURN_TYPE = YES_ERROR;
				GCC_WARN_UNDECLARED_SELECTOR = YES;
				GCC_WARN_UNINITIALIZED_AUTOS = YES_AGGRESSIVE;
				GCC_WARN_UNUSED_FUNCTION = YES;
				GCC_WARN_UNUSED_VARIABLE = YES;
				IPHONEOS_DEPLOYMENT_TARGET = 10.3;
				MTL_ENABLE_DEBUG_INFO = NO;
				SDKROOT = iphoneos;
				SWIFT_OPTIMIZATION_LEVEL = "-Owholemodule";
				VALIDATE_PRODUCT = YES;
			};
			name = Release;
		};
		159CB4A41E99417600954215 /* Debug */ = {
			isa = XCBuildConfiguration;
			buildSettings = {
				ASSETCATALOG_COMPILER_APPICON_NAME = AppIcon;
				DEVELOPMENT_TEAM = 6SG44G76PT;
				INFOPLIST_FILE = DreamLister/Info.plist;
				LD_RUNPATH_SEARCH_PATHS = "$(inherited) @executable_path/Frameworks";
				PRODUCT_BUNDLE_IDENTIFIER = com.lazarvlaovicj.DreamLister;
				PRODUCT_NAME = "$(TARGET_NAME)";
				SWIFT_VERSION = 3.0;
			};
			name = Debug;
		};
		159CB4A51E99417600954215 /* Release */ = {
			isa = XCBuildConfiguration;
			buildSettings = {
				ASSETCATALOG_COMPILER_APPICON_NAME = AppIcon;
				DEVELOPMENT_TEAM = 6SG44G76PT;
				INFOPLIST_FILE = DreamLister/Info.plist;
				LD_RUNPATH_SEARCH_PATHS = "$(inherited) @executable_path/Frameworks";
				PRODUCT_BUNDLE_IDENTIFIER = com.lazarvlaovicj.DreamLister;
				PRODUCT_NAME = "$(TARGET_NAME)";
				SWIFT_VERSION = 3.0;
			};
			name = Release;
		};
/* End XCBuildConfiguration section */

/* Begin XCConfigurationList section */
		159CB4891E99417600954215 /* Build configuration list for PBXProject "DreamLister" */ = {
			isa = XCConfigurationList;
			buildConfigurations = (
				159CB4A11E99417600954215 /* Debug */,
				159CB4A21E99417600954215 /* Release */,
			);
			defaultConfigurationIsVisible = 0;
			defaultConfigurationName = Release;
		};
		159CB4A31E99417600954215 /* Build configuration list for PBXNativeTarget "DreamLister" */ = {
			isa = XCConfigurationList;
			buildConfigurations = (
				159CB4A41E99417600954215 /* Debug */,
				159CB4A51E99417600954215 /* Release */,
			);
			defaultConfigurationIsVisible = 0;
		};
/* End XCConfigurationList section */

/* Begin XCVersionGroup section */
		159CB4981E99417600954215 /* DreamLister.xcdatamodeld */ = {
			isa = XCVersionGroup;
			children = (
				159CB4991E99417600954215 /* DreamLister.xcdatamodel */,
			);
			currentVersion = 159CB4991E99417600954215 /* DreamLister.xcdatamodel */;
			path = DreamLister.xcdatamodeld;
			sourceTree = "<group>";
			versionGroupType = wrapper.xcdatamodel;
		};
/* End XCVersionGroup section */
	};
	rootObject = 159CB4861E99417600954215 /* Project object */;
}
